
Microsoft Visual Studio Solution File, Format Version 12.00
# Visual Studio 15
VisualStudioVersion = 15.0.27703.2000
MinimumVisualStudioVersion = 10.0.40219.1
Project("{FAE04EC0-301F-11D3-BF4B-00C04F79EFBC}") = "MyToDoList.Android", "MyToDoList\MyToDoList.Android\MyToDoList.Android.csproj", "{1835C38E-CFAE-45EC-8B9F-9A9C1553A44C}"
EndProject
Project("{FAE04EC0-301F-11D3-BF4B-00C04F79EFBC}") = "MyToDoList.iOS", "MyToDoList\MyToDoList.iOS\MyToDoList.iOS.csproj", "{E29F5165-F914-4FFB-819B-C707B0D3A935}"
EndProject
Project("{FAE04EC0-301F-11D3-BF4B-00C04F79EFBC}") = "MyToDoList.UWP", "MyToDoList\MyToDoList.UWP\MyToDoList.UWP.csproj", "{222A3662-B03D-47FF-82C8-6C1E8B792213}"
EndProject
Project("{FAE04EC0-301F-11D3-BF4B-00C04F79EFBC}") = "MyToDoList", "MyToDoList\MyToDoList\MyToDoList.csproj", "{90F1EEEA-B97A-45EA-BDE1-A1D04C7AE063}"
EndProject
Global
	GlobalSection(SolutionConfigurationPlatforms) = preSolution
		Ad-Hoc|Any CPU = Ad-Hoc|Any CPU
		Ad-Hoc|ARM = Ad-Hoc|ARM
		Ad-Hoc|iPhone = Ad-Hoc|iPhone
		Ad-Hoc|iPhoneSimulator = Ad-Hoc|iPhoneSimulator
		Ad-Hoc|x64 = Ad-Hoc|x64
		Ad-Hoc|x86 = Ad-Hoc|x86
		AppStore|Any CPU = AppStore|Any CPU
		AppStore|ARM = AppStore|ARM
		AppStore|iPhone = AppStore|iPhone
		AppStore|iPhoneSimulator = AppStore|iPhoneSimulator
		AppStore|x64 = AppStore|x64
		AppStore|x86 = AppStore|x86
		Debug|Any CPU = Debug|Any CPU
		Debug|ARM = Debug|ARM
		Debug|iPhone = Debug|iPhone
		Debug|iPhoneSimulator = Debug|iPhoneSimulator
		Debug|x64 = Debug|x64
		Debug|x86 = Debug|x86
		Release|Any CPU = Release|Any CPU
		Release|ARM = Release|ARM
		Release|iPhone = Release|iPhone
		Release|iPhoneSimulator = Release|iPhoneSimulator
		Release|x64 = Release|x64
		Release|x86 = Release|x86
	EndGlobalSection
	GlobalSection(ProjectConfigurationPlatforms) = postSolution
		{1835C38E-CFAE-45EC-8B9F-9A9C1553A44C}.Ad-Hoc|Any CPU.ActiveCfg = Release|Any CPU
		{1835C38E-CFAE-45EC-8B9F-9A9C1553A44C}.Ad-Hoc|Any CPU.Build.0 = Release|Any CPU
		{1835C38E-CFAE-45EC-8B9F-9A9C1553A44C}.Ad-Hoc|Any CPU.Deploy.0 = Release|Any CPU
		{1835C38E-CFAE-45EC-8B9F-9A9C1553A44C}.Ad-Hoc|ARM.ActiveCfg = Release|Any CPU
		{1835C38E-CFAE-45EC-8B9F-9A9C1553A44C}.Ad-Hoc|ARM.Build.0 = Release|Any CPU
		{1835C38E-CFAE-45EC-8B9F-9A9C1553A44C}.Ad-Hoc|ARM.Deploy.0 = Release|Any CPU
		{1835C38E-CFAE-45EC-8B9F-9A9C1553A44C}.Ad-Hoc|iPhone.ActiveCfg = Release|Any CPU
		{1835C38E-CFAE-45EC-8B9F-9A9C1553A44C}.Ad-Hoc|iPhone.Build.0 = Release|Any CPU
		{1835C38E-CFAE-45EC-8B9F-9A9C1553A44C}.Ad-Hoc|iPhone.Deploy.0 = Release|Any CPU
		{1835C38E-CFAE-45EC-8B9F-9A9C1553A44C}.Ad-Hoc|iPhoneSimulator.ActiveCfg = Release|Any CPU
		{1835C38E-CFAE-45EC-8B9F-9A9C1553A44C}.Ad-Hoc|iPhoneSimulator.Build.0 = Release|Any CPU
		{1835C38E-CFAE-45EC-8B9F-9A9C1553A44C}.Ad-Hoc|iPhoneSimulator.Deploy.0 = Release|Any CPU
		{1835C38E-CFAE-45EC-8B9F-9A9C1553A44C}.Ad-Hoc|x64.ActiveCfg = Release|Any CPU
		{1835C38E-CFAE-45EC-8B9F-9A9C1553A44C}.Ad-Hoc|x64.Build.0 = Release|Any CPU
		{1835C38E-CFAE-45EC-8B9F-9A9C1553A44C}.Ad-Hoc|x64.Deploy.0 = Release|Any CPU
		{1835C38E-CFAE-45EC-8B9F-9A9C1553A44C}.Ad-Hoc|x86.ActiveCfg = Release|Any CPU
		{1835C38E-CFAE-45EC-8B9F-9A9C1553A44C}.Ad-Hoc|x86.Build.0 = Release|Any CPU
		{1835C38E-CFAE-45EC-8B9F-9A9C1553A44C}.Ad-Hoc|x86.Deploy.0 = Release|Any CPU
		{1835C38E-CFAE-45EC-8B9F-9A9C1553A44C}.AppStore|Any CPU.ActiveCfg = Release|Any CPU
		{1835C38E-CFAE-45EC-8B9F-9A9C1553A44C}.AppStore|Any CPU.Build.0 = Release|Any CPU
		{1835C38E-CFAE-45EC-8B9F-9A9C1553A44C}.AppStore|Any CPU.Deploy.0 = Release|Any CPU
		{1835C38E-CFAE-45EC-8B9F-9A9C1553A44C}.AppStore|ARM.ActiveCfg = Release|Any CPU
		{1835C38E-CFAE-45EC-8B9F-9A9C1553A44C}.AppStore|ARM.Build.0 = Release|Any CPU
		{1835C38E-CFAE-45EC-8B9F-9A9C1553A44C}.AppStore|ARM.Deploy.0 = Release|Any CPU
		{1835C38E-CFAE-45EC-8B9F-9A9C1553A44C}.AppStore|iPhone.ActiveCfg = Release|Any CPU
		{1835C38E-CFAE-45EC-8B9F-9A9C1553A44C}.AppStore|iPhone.Build.0 = Release|Any CPU
		{1835C38E-CFAE-45EC-8B9F-9A9C1553A44C}.AppStore|iPhone.Deploy.0 = Release|Any CPU
		{1835C38E-CFAE-45EC-8B9F-9A9C1553A44C}.AppStore|iPhoneSimulator.ActiveCfg = Release|Any CPU
		{1835C38E-CFAE-45EC-8B9F-9A9C1553A44C}.AppStore|iPhoneSimulator.Build.0 = Release|Any CPU
		{1835C38E-CFAE-45EC-8B9F-9A9C1553A44C}.AppStore|iPhoneSimulator.Deploy.0 = Release|Any CPU
		{1835C38E-CFAE-45EC-8B9F-9A9C1553A44C}.AppStore|x64.ActiveCfg = Release|Any CPU
		{1835C38E-CFAE-45EC-8B9F-9A9C1553A44C}.AppStore|x64.Build.0 = Release|Any CPU
		{1835C38E-CFAE-45EC-8B9F-9A9C1553A44C}.AppStore|x64.Deploy.0 = Release|Any CPU
		{1835C38E-CFAE-45EC-8B9F-9A9C1553A44C}.AppStore|x86.ActiveCfg = Release|Any CPU
		{1835C38E-CFAE-45EC-8B9F-9A9C1553A44C}.AppStore|x86.Build.0 = Release|Any CPU
		{1835C38E-CFAE-45EC-8B9F-9A9C1553A44C}.AppStore|x86.Deploy.0 = Release|Any CPU
		{1835C38E-CFAE-45EC-8B9F-9A9C1553A44C}.Debug|Any CPU.ActiveCfg = Debug|Any CPU
		{1835C38E-CFAE-45EC-8B9F-9A9C1553A44C}.Debug|Any CPU.Build.0 = Debug|Any CPU
		{1835C38E-CFAE-45EC-8B9F-9A9C1553A44C}.Debug|Any CPU.Deploy.0 = Debug|Any CPU
		{1835C38E-CFAE-45EC-8B9F-9A9C1553A44C}.Debug|ARM.ActiveCfg = Debug|Any CPU
		{1835C38E-CFAE-45EC-8B9F-9A9C1553A44C}.Debug|ARM.Build.0 = Debug|Any CPU
		{1835C38E-CFAE-45EC-8B9F-9A9C1553A44C}.Debug|ARM.Deploy.0 = Debug|Any CPU
		{1835C38E-CFAE-45EC-8B9F-9A9C1553A44C}.Debug|iPhone.ActiveCfg = Debug|Any CPU
		{1835C38E-CFAE-45EC-8B9F-9A9C1553A44C}.Debug|iPhone.Build.0 = Debug|Any CPU
		{1835C38E-CFAE-45EC-8B9F-9A9C1553A44C}.Debug|iPhone.Deploy.0 = Debug|Any CPU
		{1835C38E-CFAE-45EC-8B9F-9A9C1553A44C}.Debug|iPhoneSimulator.ActiveCfg = Debug|Any CPU
		{1835C38E-CFAE-45EC-8B9F-9A9C1553A44C}.Debug|iPhoneSimulator.Build.0 = Debug|Any CPU
		{1835C38E-CFAE-45EC-8B9F-9A9C1553A44C}.Debug|iPhoneSimulator.Deploy.0 = Debug|Any CPU
		{1835C38E-CFAE-45EC-8B9F-9A9C1553A44C}.Debug|x64.ActiveCfg = Debug|Any CPU
		{1835C38E-CFAE-45EC-8B9F-9A9C1553A44C}.Debug|x64.Build.0 = Debug|Any CPU
		{1835C38E-CFAE-45EC-8B9F-9A9C1553A44C}.Debug|x64.Deploy.0 = Debug|Any CPU
		{1835C38E-CFAE-45EC-8B9F-9A9C1553A44C}.Debug|x86.ActiveCfg = Debug|Any CPU
		{1835C38E-CFAE-45EC-8B9F-9A9C1553A44C}.Debug|x86.Build.0 = Debug|Any CPU
		{1835C38E-CFAE-45EC-8B9F-9A9C1553A44C}.Debug|x86.Deploy.0 = Debug|Any CPU
		{1835C38E-CFAE-45EC-8B9F-9A9C1553A44C}.Release|Any CPU.ActiveCfg = Release|Any CPU
		{1835C38E-CFAE-45EC-8B9F-9A9C1553A44C}.Release|Any CPU.Build.0 = Release|Any CPU
		{1835C38E-CFAE-45EC-8B9F-9A9C1553A44C}.Release|Any CPU.Deploy.0 = Release|Any CPU
		{1835C38E-CFAE-45EC-8B9F-9A9C1553A44C}.Release|ARM.ActiveCfg = Release|Any CPU
		{1835C38E-CFAE-45EC-8B9F-9A9C1553A44C}.Release|ARM.Build.0 = Release|Any CPU
		{1835C38E-CFAE-45EC-8B9F-9A9C1553A44C}.Release|ARM.Deploy.0 = Release|Any CPU
		{1835C38E-CFAE-45EC-8B9F-9A9C1553A44C}.Release|iPhone.ActiveCfg = Release|Any CPU
		{1835C38E-CFAE-45EC-8B9F-9A9C1553A44C}.Release|iPhone.Build.0 = Release|Any CPU
		{1835C38E-CFAE-45EC-8B9F-9A9C1553A44C}.Release|iPhone.Deploy.0 = Release|Any CPU
		{1835C38E-CFAE-45EC-8B9F-9A9C1553A44C}.Release|iPhoneSimulator.ActiveCfg = Release|Any CPU
		{1835C38E-CFAE-45EC-8B9F-9A9C1553A44C}.Release|iPhoneSimulator.Build.0 = Release|Any CPU
		{1835C38E-CFAE-45EC-8B9F-9A9C1553A44C}.Release|iPhoneSimulator.Deploy.0 = Release|Any CPU
		{1835C38E-CFAE-45EC-8B9F-9A9C1553A44C}.Release|x64.ActiveCfg = Release|Any CPU
		{1835C38E-CFAE-45EC-8B9F-9A9C1553A44C}.Release|x64.Build.0 = Release|Any CPU
		{1835C38E-CFAE-45EC-8B9F-9A9C1553A44C}.Release|x64.Deploy.0 = Release|Any CPU
		{1835C38E-CFAE-45EC-8B9F-9A9C1553A44C}.Release|x86.ActiveCfg = Release|Any CPU
		{1835C38E-CFAE-45EC-8B9F-9A9C1553A44C}.Release|x86.Build.0 = Release|Any CPU
		{1835C38E-CFAE-45EC-8B9F-9A9C1553A44C}.Release|x86.Deploy.0 = Release|Any CPU
		{E29F5165-F914-4FFB-819B-C707B0D3A935}.Ad-Hoc|Any CPU.ActiveCfg = Ad-Hoc|iPhone
		{E29F5165-F914-4FFB-819B-C707B0D3A935}.Ad-Hoc|Any CPU.Build.0 = Ad-Hoc|iPhone
		{E29F5165-F914-4FFB-819B-C707B0D3A935}.Ad-Hoc|Any CPU.Deploy.0 = Ad-Hoc|iPhone
		{E29F5165-F914-4FFB-819B-C707B0D3A935}.Ad-Hoc|ARM.ActiveCfg = Ad-Hoc|iPhone
		{E29F5165-F914-4FFB-819B-C707B0D3A935}.Ad-Hoc|ARM.Build.0 = Ad-Hoc|iPhone
		{E29F5165-F914-4FFB-819B-C707B0D3A935}.Ad-Hoc|ARM.Deploy.0 = Ad-Hoc|iPhone
		{E29F5165-F914-4FFB-819B-C707B0D3A935}.Ad-Hoc|iPhone.ActiveCfg = Ad-Hoc|iPhone
		{E29F5165-F914-4FFB-819B-C707B0D3A935}.Ad-Hoc|iPhone.Build.0 = Ad-Hoc|iPhone
		{E29F5165-F914-4FFB-819B-C707B0D3A935}.Ad-Hoc|iPhone.Deploy.0 = Ad-Hoc|iPhone
		{E29F5165-F914-4FFB-819B-C707B0D3A935}.Ad-Hoc|iPhoneSimulator.ActiveCfg = Ad-Hoc|iPhoneSimulator
		{E29F5165-F914-4FFB-819B-C707B0D3A935}.Ad-Hoc|iPhoneSimulator.Build.0 = Ad-Hoc|iPhoneSimulator
		{E29F5165-F914-4FFB-819B-C707B0D3A935}.Ad-Hoc|iPhoneSimulator.Deploy.0 = Ad-Hoc|iPhoneSimulator
		{E29F5165-F914-4FFB-819B-C707B0D3A935}.Ad-Hoc|x64.ActiveCfg = Ad-Hoc|iPhone
		{E29F5165-F914-4FFB-819B-C707B0D3A935}.Ad-Hoc|x64.Build.0 = Ad-Hoc|iPhone
		{E29F5165-F914-4FFB-819B-C707B0D3A935}.Ad-Hoc|x64.Deploy.0 = Ad-Hoc|iPhone
		{E29F5165-F914-4FFB-819B-C707B0D3A935}.Ad-Hoc|x86.ActiveCfg = Ad-Hoc|iPhone
		{E29F5165-F914-4FFB-819B-C707B0D3A935}.Ad-Hoc|x86.Build.0 = Ad-Hoc|iPhone
		{E29F5165-F914-4FFB-819B-C707B0D3A935}.Ad-Hoc|x86.Deploy.0 = Ad-Hoc|iPhone
		{E29F5165-F914-4FFB-819B-C707B0D3A935}.AppStore|Any CPU.ActiveCfg = AppStore|iPhone
		{E29F5165-F914-4FFB-819B-C707B0D3A935}.AppStore|Any CPU.Build.0 = AppStore|iPhone
		{E29F5165-F914-4FFB-819B-C707B0D3A935}.AppStore|Any CPU.Deploy.0 = AppStore|iPhone
		{E29F5165-F914-4FFB-819B-C707B0D3A935}.AppStore|ARM.ActiveCfg = AppStore|iPhone
		{E29F5165-F914-4FFB-819B-C707B0D3A935}.AppStore|ARM.Build.0 = AppStore|iPhone
		{E29F5165-F914-4FFB-819B-C707B0D3A935}.AppStore|ARM.Deploy.0 = AppStore|iPhone
		{E29F5165-F914-4FFB-819B-C707B0D3A935}.AppStore|iPhone.ActiveCfg = AppStore|iPhone
		{E29F5165-F914-4FFB-819B-C707B0D3A935}.AppStore|iPhone.Build.0 = AppStore|iPhone
		{E29F5165-F914-4FFB-819B-C707B0D3A935}.AppStore|iPhone.Deploy.0 = AppStore|iPhone
		{E29F5165-F914-4FFB-819B-C707B0D3A935}.AppStore|iPhoneSimulator.ActiveCfg = AppStore|iPhoneSimulator
		{E29F5165-F914-4FFB-819B-C707B0D3A935}.AppStore|iPhoneSimulator.Build.0 = AppStore|iPhoneSimulator
		{E29F5165-F914-4FFB-819B-C707B0D3A935}.AppStore|iPhoneSimulator.Deploy.0 = AppStore|iPhoneSimulator
		{E29F5165-F914-4FFB-819B-C707B0D3A935}.AppStore|x64.ActiveCfg = AppStore|iPhone
		{E29F5165-F914-4FFB-819B-C707B0D3A935}.AppStore|x64.Build.0 = AppStore|iPhone
		{E29F5165-F914-4FFB-819B-C707B0D3A935}.AppStore|x64.Deploy.0 = AppStore|iPhone
		{E29F5165-F914-4FFB-819B-C707B0D3A935}.AppStore|x86.ActiveCfg = AppStore|iPhone
		{E29F5165-F914-4FFB-819B-C707B0D3A935}.AppStore|x86.Build.0 = AppStore|iPhone
		{E29F5165-F914-4FFB-819B-C707B0D3A935}.AppStore|x86.Deploy.0 = AppStore|iPhone
		{E29F5165-F914-4FFB-819B-C707B0D3A935}.Debug|Any CPU.ActiveCfg = Debug|iPhoneSimulator
		{E29F5165-F914-4FFB-819B-C707B0D3A935}.Debug|Any CPU.Build.0 = Debug|iPhoneSimulator
		{E29F5165-F914-4FFB-819B-C707B0D3A935}.Debug|Any CPU.Deploy.0 = Debug|iPhoneSimulator
		{E29F5165-F914-4FFB-819B-C707B0D3A935}.Debug|ARM.ActiveCfg = Debug|iPhone
		{E29F5165-F914-4FFB-819B-C707B0D3A935}.Debug|ARM.Build.0 = Debug|iPhone
		{E29F5165-F914-4FFB-819B-C707B0D3A935}.Debug|ARM.Deploy.0 = Debug|iPhone
		{E29F5165-F914-4FFB-819B-C707B0D3A935}.Debug|iPhone.ActiveCfg = Debug|iPhone
		{E29F5165-F914-4FFB-819B-C707B0D3A935}.Debug|iPhone.Build.0 = Debug|iPhone
		{E29F5165-F914-4FFB-819B-C707B0D3A935}.Debug|iPhone.Deploy.0 = Debug|iPhone
		{E29F5165-F914-4FFB-819B-C707B0D3A935}.Debug|iPhoneSimulator.ActiveCfg = Debug|iPhoneSimulator
		{E29F5165-F914-4FFB-819B-C707B0D3A935}.Debug|iPhoneSimulator.Build.0 = Debug|iPhoneSimulator
		{E29F5165-F914-4FFB-819B-C707B0D3A935}.Debug|iPhoneSimulator.Deploy.0 = Debug|iPhoneSimulator
		{E29F5165-F914-4FFB-819B-C707B0D3A935}.Debug|x64.ActiveCfg = Debug|iPhone
		{E29F5165-F914-4FFB-819B-C707B0D3A935}.Debug|x64.Build.0 = Debug|iPhone
		{E29F5165-F914-4FFB-819B-C707B0D3A935}.Debug|x64.Deploy.0 = Debug|iPhone
		{E29F5165-F914-4FFB-819B-C707B0D3A935}.Debug|x86.ActiveCfg = Debug|iPhone
		{E29F5165-F914-4FFB-819B-C707B0D3A935}.Debug|x86.Build.0 = Debug|iPhone
		{E29F5165-F914-4FFB-819B-C707B0D3A935}.Debug|x86.Deploy.0 = Debug|iPhone
		{E29F5165-F914-4FFB-819B-C707B0D3A935}.Release|Any CPU.ActiveCfg = Release|iPhone
		{E29F5165-F914-4FFB-819B-C707B0D3A935}.Release|Any CPU.Build.0 = Release|iPhone
		{E29F5165-F914-4FFB-819B-C707B0D3A935}.Release|Any CPU.Deploy.0 = Release|iPhone
		{E29F5165-F914-4FFB-819B-C707B0D3A935}.Release|ARM.ActiveCfg = Release|iPhone
		{E29F5165-F914-4FFB-819B-C707B0D3A935}.Release|ARM.Build.0 = Release|iPhone
		{E29F5165-F914-4FFB-819B-C707B0D3A935}.Release|ARM.Deploy.0 = Release|iPhone
		{E29F5165-F914-4FFB-819B-C707B0D3A935}.Release|iPhone.ActiveCfg = Release|iPhone
		{E29F5165-F914-4FFB-819B-C707B0D3A935}.Release|iPhone.Build.0 = Release|iPhone
		{E29F5165-F914-4FFB-819B-C707B0D3A935}.Release|iPhone.Deploy.0 = Release|iPhone
		{E29F5165-F914-4FFB-819B-C707B0D3A935}.Release|iPhoneSimulator.ActiveCfg = Release|iPhoneSimulator
		{E29F5165-F914-4FFB-819B-C707B0D3A935}.Release|iPhoneSimulator.Build.0 = Release|iPhoneSimulator
		{E29F5165-F914-4FFB-819B-C707B0D3A935}.Release|iPhoneSimulator.Deploy.0 = Release|iPhoneSimulator
		{E29F5165-F914-4FFB-819B-C707B0D3A935}.Release|x64.ActiveCfg = Release|iPhone
		{E29F5165-F914-4FFB-819B-C707B0D3A935}.Release|x64.Build.0 = Release|iPhone
		{E29F5165-F914-4FFB-819B-C707B0D3A935}.Release|x64.Deploy.0 = Release|iPhone
		{E29F5165-F914-4FFB-819B-C707B0D3A935}.Release|x86.ActiveCfg = Release|iPhone
		{E29F5165-F914-4FFB-819B-C707B0D3A935}.Release|x86.Build.0 = Release|iPhone
		{E29F5165-F914-4FFB-819B-C707B0D3A935}.Release|x86.Deploy.0 = Release|iPhone
		{222A3662-B03D-47FF-82C8-6C1E8B792213}.Ad-Hoc|Any CPU.ActiveCfg = Release|x86
		{222A3662-B03D-47FF-82C8-6C1E8B792213}.Ad-Hoc|Any CPU.Build.0 = Release|x86
		{222A3662-B03D-47FF-82C8-6C1E8B792213}.Ad-Hoc|Any CPU.Deploy.0 = Release|x86
		{222A3662-B03D-47FF-82C8-6C1E8B792213}.Ad-Hoc|ARM.ActiveCfg = Release|ARM
		{222A3662-B03D-47FF-82C8-6C1E8B792213}.Ad-Hoc|ARM.Build.0 = Release|ARM
		{222A3662-B03D-47FF-82C8-6C1E8B792213}.Ad-Hoc|ARM.Deploy.0 = Release|ARM
		{222A3662-B03D-47FF-82C8-6C1E8B792213}.Ad-Hoc|iPhone.ActiveCfg = Release|x86
		{222A3662-B03D-47FF-82C8-6C1E8B792213}.Ad-Hoc|iPhone.Build.0 = Release|x86
		{222A3662-B03D-47FF-82C8-6C1E8B792213}.Ad-Hoc|iPhone.Deploy.0 = Release|x86
		{222A3662-B03D-47FF-82C8-6C1E8B792213}.Ad-Hoc|iPhoneSimulator.ActiveCfg = Release|x86
		{222A3662-B03D-47FF-82C8-6C1E8B792213}.Ad-Hoc|iPhoneSimulator.Build.0 = Release|x86
		{222A3662-B03D-47FF-82C8-6C1E8B792213}.Ad-Hoc|iPhoneSimulator.Deploy.0 = Release|x86
		{222A3662-B03D-47FF-82C8-6C1E8B792213}.Ad-Hoc|x64.ActiveCfg = Release|x64
		{222A3662-B03D-47FF-82C8-6C1E8B792213}.Ad-Hoc|x64.Build.0 = Release|x64
		{222A3662-B03D-47FF-82C8-6C1E8B792213}.Ad-Hoc|x64.Deploy.0 = Release|x64
		{222A3662-B03D-47FF-82C8-6C1E8B792213}.Ad-Hoc|x86.ActiveCfg = Release|x86
		{222A3662-B03D-47FF-82C8-6C1E8B792213}.Ad-Hoc|x86.Build.0 = Release|x86
		{222A3662-B03D-47FF-82C8-6C1E8B792213}.Ad-Hoc|x86.Deploy.0 = Release|x86
		{222A3662-B03D-47FF-82C8-6C1E8B792213}.AppStore|Any CPU.ActiveCfg = Release|x86
		{222A3662-B03D-47FF-82C8-6C1E8B792213}.AppStore|Any CPU.Build.0 = Release|x86
		{222A3662-B03D-47FF-82C8-6C1E8B792213}.AppStore|Any CPU.Deploy.0 = Release|x86
		{222A3662-B03D-47FF-82C8-6C1E8B792213}.AppStore|ARM.ActiveCfg = Release|ARM
		{222A3662-B03D-47FF-82C8-6C1E8B792213}.AppStore|ARM.Build.0 = Release|ARM
		{222A3662-B03D-47FF-82C8-6C1E8B792213}.AppStore|ARM.Deploy.0 = Release|ARM
		{222A3662-B03D-47FF-82C8-6C1E8B792213}.AppStore|iPhone.ActiveCfg = Release|x86
		{222A3662-B03D-47FF-82C8-6C1E8B792213}.AppStore|iPhone.Build.0 = Release|x86
		{222A3662-B03D-47FF-82C8-6C1E8B792213}.AppStore|iPhone.Deploy.0 = Release|x86
		{222A3662-B03D-47FF-82C8-6C1E8B792213}.AppStore|iPhoneSimulator.ActiveCfg = Release|x86
		{222A3662-B03D-47FF-82C8-6C1E8B792213}.AppStore|iPhoneSimulator.Build.0 = Release|x86
		{222A3662-B03D-47FF-82C8-6C1E8B792213}.AppStore|iPhoneSimulator.Deploy.0 = Release|x86
		{222A3662-B03D-47FF-82C8-6C1E8B792213}.AppStore|x64.ActiveCfg = Release|x64
		{222A3662-B03D-47FF-82C8-6C1E8B792213}.AppStore|x64.Build.0 = Release|x64
		{222A3662-B03D-47FF-82C8-6C1E8B792213}.AppStore|x64.Deploy.0 = Release|x64
		{222A3662-B03D-47FF-82C8-6C1E8B792213}.AppStore|x86.ActiveCfg = Release|x86
		{222A3662-B03D-47FF-82C8-6C1E8B792213}.AppStore|x86.Build.0 = Release|x86
		{222A3662-B03D-47FF-82C8-6C1E8B792213}.AppStore|x86.Deploy.0 = Release|x86
		{222A3662-B03D-47FF-82C8-6C1E8B792213}.Debug|Any CPU.ActiveCfg = Debug|x86
		{222A3662-B03D-47FF-82C8-6C1E8B792213}.Debug|Any CPU.Build.0 = Debug|x86
		{222A3662-B03D-47FF-82C8-6C1E8B792213}.Debug|Any CPU.Deploy.0 = Debug|x86
		{222A3662-B03D-47FF-82C8-6C1E8B792213}.Debug|ARM.ActiveCfg = Debug|ARM
		{222A3662-B03D-47FF-82C8-6C1E8B792213}.Debug|ARM.Build.0 = Debug|ARM
		{222A3662-B03D-47FF-82C8-6C1E8B792213}.Debug|ARM.Deploy.0 = Debug|ARM
		{222A3662-B03D-47FF-82C8-6C1E8B792213}.Debug|iPhone.ActiveCfg = Debug|x86
		{222A3662-B03D-47FF-82C8-6C1E8B792213}.Debug|iPhone.Build.0 = Debug|x86
		{222A3662-B03D-47FF-82C8-6C1E8B792213}.Debug|iPhone.Deploy.0 = Debug|x86
		{222A3662-B03D-47FF-82C8-6C1E8B792213}.Debug|iPhoneSimulator.ActiveCfg = Debug|x86
		{222A3662-B03D-47FF-82C8-6C1E8B792213}.Debug|iPhoneSimulator.Build.0 = Debug|x86
		{222A3662-B03D-47FF-82C8-6C1E8B792213}.Debug|iPhoneSimulator.Deploy.0 = Debug|x86
		{222A3662-B03D-47FF-82C8-6C1E8B792213}.Debug|x64.ActiveCfg = Debug|x64
		{222A3662-B03D-47FF-82C8-6C1E8B792213}.Debug|x64.Build.0 = Debug|x64
		{222A3662-B03D-47FF-82C8-6C1E8B792213}.Debug|x64.Deploy.0 = Debug|x64
		{222A3662-B03D-47FF-82C8-6C1E8B792213}.Debug|x86.ActiveCfg = Debug|x86
		{222A3662-B03D-47FF-82C8-6C1E8B792213}.Debug|x86.Build.0 = Debug|x86
		{222A3662-B03D-47FF-82C8-6C1E8B792213}.Debug|x86.Deploy.0 = Debug|x86
		{222A3662-B03D-47FF-82C8-6C1E8B792213}.Release|Any CPU.ActiveCfg = Release|x86
		{222A3662-B03D-47FF-82C8-6C1E8B792213}.Release|Any CPU.Build.0 = Release|x86
		{222A3662-B03D-47FF-82C8-6C1E8B792213}.Release|Any CPU.Deploy.0 = Release|x86
		{222A3662-B03D-47FF-82C8-6C1E8B792213}.Release|ARM.ActiveCfg = Release|ARM
		{222A3662-B03D-47FF-82C8-6C1E8B792213}.Release|ARM.Build.0 = Release|ARM
		{222A3662-B03D-47FF-82C8-6C1E8B792213}.Release|ARM.Deploy.0 = Release|ARM
		{222A3662-B03D-47FF-82C8-6C1E8B792213}.Release|iPhone.ActiveCfg = Release|x86
		{222A3662-B03D-47FF-82C8-6C1E8B792213}.Release|iPhone.Build.0 = Release|x86
		{222A3662-B03D-47FF-82C8-6C1E8B792213}.Release|iPhone.Deploy.0 = Release|x86
		{222A3662-B03D-47FF-82C8-6C1E8B792213}.Release|iPhoneSimulator.ActiveCfg = Release|x86
		{222A3662-B03D-47FF-82C8-6C1E8B792213}.Release|iPhoneSimulator.Build.0 = Release|x86
		{222A3662-B03D-47FF-82C8-6C1E8B792213}.Release|iPhoneSimulator.Deploy.0 = Release|x86
		{222A3662-B03D-47FF-82C8-6C1E8B792213}.Release|x64.ActiveCfg = Release|x64
		{222A3662-B03D-47FF-82C8-6C1E8B792213}.Release|x64.Build.0 = Release|x64
		{222A3662-B03D-47FF-82C8-6C1E8B792213}.Release|x64.Deploy.0 = Release|x64
		{222A3662-B03D-47FF-82C8-6C1E8B792213}.Release|x86.ActiveCfg = Release|x86
		{222A3662-B03D-47FF-82C8-6C1E8B792213}.Release|x86.Build.0 = Release|x86
		{222A3662-B03D-47FF-82C8-6C1E8B792213}.Release|x86.Deploy.0 = Release|x86
		{90F1EEEA-B97A-45EA-BDE1-A1D04C7AE063}.Ad-Hoc|Any CPU.ActiveCfg = Debug|Any CPU
		{90F1EEEA-B97A-45EA-BDE1-A1D04C7AE063}.Ad-Hoc|Any CPU.Build.0 = Debug|Any CPU
		{90F1EEEA-B97A-45EA-BDE1-A1D04C7AE063}.Ad-Hoc|Any CPU.Deploy.0 = Debug|Any CPU
		{90F1EEEA-B97A-45EA-BDE1-A1D04C7AE063}.Ad-Hoc|ARM.ActiveCfg = Debug|Any CPU
		{90F1EEEA-B97A-45EA-BDE1-A1D04C7AE063}.Ad-Hoc|ARM.Build.0 = Debug|Any CPU
		{90F1EEEA-B97A-45EA-BDE1-A1D04C7AE063}.Ad-Hoc|ARM.Deploy.0 = Debug|Any CPU
		{90F1EEEA-B97A-45EA-BDE1-A1D04C7AE063}.Ad-Hoc|iPhone.ActiveCfg = Debug|Any CPU
		{90F1EEEA-B97A-45EA-BDE1-A1D04C7AE063}.Ad-Hoc|iPhone.Build.0 = Debug|Any CPU
		{90F1EEEA-B97A-45EA-BDE1-A1D04C7AE063}.Ad-Hoc|iPhone.Deploy.0 = Debug|Any CPU
		{90F1EEEA-B97A-45EA-BDE1-A1D04C7AE063}.Ad-Hoc|iPhoneSimulator.ActiveCfg = Debug|Any CPU
		{90F1EEEA-B97A-45EA-BDE1-A1D04C7AE063}.Ad-Hoc|iPhoneSimulator.Build.0 = Debug|Any CPU
		{90F1EEEA-B97A-45EA-BDE1-A1D04C7AE063}.Ad-Hoc|iPhoneSimulator.Deploy.0 = Debug|Any CPU
		{90F1EEEA-B97A-45EA-BDE1-A1D04C7AE063}.Ad-Hoc|x64.ActiveCfg = Debug|Any CPU
		{90F1EEEA-B97A-45EA-BDE1-A1D04C7AE063}.Ad-Hoc|x64.Build.0 = Debug|Any CPU
		{90F1EEEA-B97A-45EA-BDE1-A1D04C7AE063}.Ad-Hoc|x64.Deploy.0 = Debug|Any CPU
		{90F1EEEA-B97A-45EA-BDE1-A1D04C7AE063}.Ad-Hoc|x86.ActiveCfg = Debug|Any CPU
		{90F1EEEA-B97A-45EA-BDE1-A1D04C7AE063}.Ad-Hoc|x86.Build.0 = Debug|Any CPU
		{90F1EEEA-B97A-45EA-BDE1-A1D04C7AE063}.Ad-Hoc|x86.Deploy.0 = Debug|Any CPU
		{90F1EEEA-B97A-45EA-BDE1-A1D04C7AE063}.AppStore|Any CPU.ActiveCfg = Debug|Any CPU
		{90F1EEEA-B97A-45EA-BDE1-A1D04C7AE063}.AppStore|Any CPU.Build.0 = Debug|Any CPU
		{90F1EEEA-B97A-45EA-BDE1-A1D04C7AE063}.AppStore|Any CPU.Deploy.0 = Debug|Any CPU
		{90F1EEEA-B97A-45EA-BDE1-A1D04C7AE063}.AppStore|ARM.ActiveCfg = Debug|Any CPU
		{90F1EEEA-B97A-45EA-BDE1-A1D04C7AE063}.AppStore|ARM.Build.0 = Debug|Any CPU
		{90F1EEEA-B97A-45EA-BDE1-A1D04C7AE063}.AppStore|ARM.Deploy.0 = Debug|Any CPU
		{90F1EEEA-B97A-45EA-BDE1-A1D04C7AE063}.AppStore|iPhone.ActiveCfg = Debug|Any CPU
		{90F1EEEA-B97A-45EA-BDE1-A1D04C7AE063}.AppStore|iPhone.Build.0 = Debug|Any CPU
		{90F1EEEA-B97A-45EA-BDE1-A1D04C7AE063}.AppStore|iPhone.Deploy.0 = Debug|Any CPU
		{90F1EEEA-B97A-45EA-BDE1-A1D04C7AE063}.AppStore|iPhoneSimulator.ActiveCfg = Debug|Any CPU
		{90F1EEEA-B97A-45EA-BDE1-A1D04C7AE063}.AppStore|iPhoneSimulator.Build.0 = Debug|Any CPU
		{90F1EEEA-B97A-45EA-BDE1-A1D04C7AE063}.AppStore|iPhoneSimulator.Deploy.0 = Debug|Any CPU
		{90F1EEEA-B97A-45EA-BDE1-A1D04C7AE063}.AppStore|x64.ActiveCfg = Debug|Any CPU
		{90F1EEEA-B97A-45EA-BDE1-A1D04C7AE063}.AppStore|x64.Build.0 = Debug|Any CPU
		{90F1EEEA-B97A-45EA-BDE1-A1D04C7AE063}.AppStore|x64.Deploy.0 = Debug|Any CPU
		{90F1EEEA-B97A-45EA-BDE1-A1D04C7AE063}.AppStore|x86.ActiveCfg = Debug|Any CPU
		{90F1EEEA-B97A-45EA-BDE1-A1D04C7AE063}.AppStore|x86.Build.0 = Debug|Any CPU
		{90F1EEEA-B97A-45EA-BDE1-A1D04C7AE063}.AppStore|x86.Deploy.0 = Debug|Any CPU
		{90F1EEEA-B97A-45EA-BDE1-A1D04C7AE063}.Debug|Any CPU.ActiveCfg = Debug|Any CPU
		{90F1EEEA-B97A-45EA-BDE1-A1D04C7AE063}.Debug|Any CPU.Build.0 = Debug|Any CPU
		{90F1EEEA-B97A-45EA-BDE1-A1D04C7AE063}.Debug|Any CPU.Deploy.0 = Debug|Any CPU
		{90F1EEEA-B97A-45EA-BDE1-A1D04C7AE063}.Debug|ARM.ActiveCfg = Debug|Any CPU
		{90F1EEEA-B97A-45EA-BDE1-A1D04C7AE063}.Debug|ARM.Build.0 = Debug|Any CPU
		{90F1EEEA-B97A-45EA-BDE1-A1D04C7AE063}.Debug|ARM.Deploy.0 = Debug|Any CPU
		{90F1EEEA-B97A-45EA-BDE1-A1D04C7AE063}.Debug|iPhone.ActiveCfg = Debug|Any CPU
		{90F1EEEA-B97A-45EA-BDE1-A1D04C7AE063}.Debug|iPhone.Build.0 = Debug|Any CPU
		{90F1EEEA-B97A-45EA-BDE1-A1D04C7AE063}.Debug|iPhone.Deploy.0 = Debug|Any CPU
		{90F1EEEA-B97A-45EA-BDE1-A1D04C7AE063}.Debug|iPhoneSimulator.ActiveCfg = Debug|Any CPU
		{90F1EEEA-B97A-45EA-BDE1-A1D04C7AE063}.Debug|iPhoneSimulator.Build.0 = Debug|Any CPU
		{90F1EEEA-B97A-45EA-BDE1-A1D04C7AE063}.Debug|iPhoneSimulator.Deploy.0 = Debug|Any CPU
		{90F1EEEA-B97A-45EA-BDE1-A1D04C7AE063}.Debug|x64.ActiveCfg = Debug|Any CPU
		{90F1EEEA-B97A-45EA-BDE1-A1D04C7AE063}.Debug|x64.Build.0 = Debug|Any CPU
		{90F1EEEA-B97A-45EA-BDE1-A1D04C7AE063}.Debug|x64.Deploy.0 = Debug|Any CPU
		{90F1EEEA-B97A-45EA-BDE1-A1D04C7AE063}.Debug|x86.ActiveCfg = Debug|Any CPU
		{90F1EEEA-B97A-45EA-BDE1-A1D04C7AE063}.Debug|x86.Build.0 = Debug|Any CPU
		{90F1EEEA-B97A-45EA-BDE1-A1D04C7AE063}.Debug|x86.Deploy.0 = Debug|Any CPU
		{90F1EEEA-B97A-45EA-BDE1-A1D04C7AE063}.Release|Any CPU.ActiveCfg = Release|Any CPU
		{90F1EEEA-B97A-45EA-BDE1-A1D04C7AE063}.Release|Any CPU.Build.0 = Release|Any CPU
		{90F1EEEA-B97A-45EA-BDE1-A1D04C7AE063}.Release|Any CPU.Deploy.0 = Release|Any CPU
		{90F1EEEA-B97A-45EA-BDE1-A1D04C7AE063}.Release|ARM.ActiveCfg = Release|Any CPU
		{90F1EEEA-B97A-45EA-BDE1-A1D04C7AE063}.Release|ARM.Build.0 = Release|Any CPU
		{90F1EEEA-B97A-45EA-BDE1-A1D04C7AE063}.Release|ARM.Deploy.0 = Release|Any CPU
		{90F1EEEA-B97A-45EA-BDE1-A1D04C7AE063}.Release|iPhone.ActiveCfg = Release|Any CPU
		{90F1EEEA-B97A-45EA-BDE1-A1D04C7AE063}.Release|iPhone.Build.0 = Release|Any CPU
		{90F1EEEA-B97A-45EA-BDE1-A1D04C7AE063}.Release|iPhone.Deploy.0 = Release|Any CPU
		{90F1EEEA-B97A-45EA-BDE1-A1D04C7AE063}.Release|iPhoneSimulator.ActiveCfg = Release|Any CPU
		{90F1EEEA-B97A-45EA-BDE1-A1D04C7AE063}.Release|iPhoneSimulator.Build.0 = Release|Any CPU
		{90F1EEEA-B97A-45EA-BDE1-A1D04C7AE063}.Release|iPhoneSimulator.Deploy.0 = Release|Any CPU
		{90F1EEEA-B97A-45EA-BDE1-A1D04C7AE063}.Release|x64.ActiveCfg = Release|Any CPU
		{90F1EEEA-B97A-45EA-BDE1-A1D04C7AE063}.Release|x64.Build.0 = Release|Any CPU
		{90F1EEEA-B97A-45EA-BDE1-A1D04C7AE063}.Release|x64.Deploy.0 = Release|Any CPU
		{90F1EEEA-B97A-45EA-BDE1-A1D04C7AE063}.Release|x86.ActiveCfg = Release|Any CPU
		{90F1EEEA-B97A-45EA-BDE1-A1D04C7AE063}.Release|x86.Build.0 = Release|Any CPU
		{90F1EEEA-B97A-45EA-BDE1-A1D04C7AE063}.Release|x86.Deploy.0 = Release|Any CPU
	EndGlobalSection
	GlobalSection(SolutionProperties) = preSolution
		HideSolutionNode = FALSE
	EndGlobalSection
	GlobalSection(ExtensibilityGlobals) = postSolution
		SolutionGuid = {DDBD2EA1-B670-4385-A874-4D419183B36B}
	EndGlobalSection
EndGlobal
